{
  "name": "playwright_jsts_with_ai",
  "version": "1.0.0",
  "lockfileVersion": 3,
  "requires": true,
  "packages": {
    "": {
      "name": "playwright_jsts_with_ai",
      "version": "1.0.0",
      "license": "ISC",
      "dependencies": {
        "codegen": "^0.1.0"
      },
      "devDependencies": {
        "@playwright/test": "^1.59.1",
        "@types/node": "^25.6.0"
      }
    },
    "node_modules/@playwright/test": {
      "version": "1.59.1",
      "resolved": "https://registry.npmmirror.com/@playwright/test/-/test-1.59.1.tgz",
      "integrity": "sha512-PG6q63nQg5c9rIi4/Z5lR5IVF7yU5MqmKaPOe0HSc0O2cX1fPi96sUQu5j7eo4gKCkB2AnNGoWt7y4/Xx3Kcqg==",
      "dev": true,
      "license": "Apache-2.0",
      "dependencies": {
        "playwright": "1.59.1"
      },
      "bin": {
        "playwright": "cli.js"
      },
      "engines": {
        "node": ">=18"
      }
    },
    "node_modules/@types/node": {
      "version": "25.6.0",
      "resolved": "https://registry.npmmirror.com/@types/node/-/node-25.6.0.tgz",
      "integrity": "sha512-+qIYRKdNYJwY3vRCZMdJbPLJAtGjQBudzZzdzwQYkEPQd+PJGixUL5QfvCLDaULoLv+RhT3LDkwEfKaAkgSmNQ==",
      "dev": true,
      "license": "MIT",
      "dependencies": {
        "undici-types": "~7.19.0"
      }
    },
    "node_modules/argparse": {
      "version": "0.1.16",
      "resolved": "https://registry.npmjs.org/argparse/-/argparse-0.1.16.tgz",
      "integrity": "sha512-LjmC2dNpdn2L4UzyoaIr11ELYoLn37ZFy9zObrQFHsSuOepeUEMKnM8w5KL4Tnrp2gy88rRuQt6Ky8Bjml+Baw==",
      "license": "MIT",
      "dependencies": {
        "underscore": "~1.7.0",
        "underscore.string": "~2.4.0"
      }
    },
    "node_modules/argparse/node_modules/underscore": {
      "version": "1.7.0",
      "resolved": "https://registry.npmjs.org/underscore/-/underscore-1.7.0.tgz",
      "integrity": "sha512-cp0oQQyZhUM1kpJDLdGO1jPZHgS/MpzoWYfe9+CM2h/QGDZlqwT2T3YGukuBdaNJ/CAPoeyAZRRHz8JFo176vA=="
    },
    "node_modules/codegen": {
      "version": "0.1.0",
      "resolved": "https://registry.npmjs.org/codegen/-/codegen-0.1.0.tgz",
      "integrity": "sha512-0Ipplq+IaVTA05knsyGIgYNVa+iH2r4WA77jFYGC1geXIFe0y9cLTZBoKTHiix6MBNlTaBbZ0Y7DKH2VR77bEA==",
      "dependencies": {
        "js-yaml": "3.1.0",
        "sugar": "1.4.1",
        "underscore": "1.6.0"
      },
      "bin": {
        "codegen": "lib/codegen-cli.js"
      }
    },
    "node_modules/esprima": {
      "version": "1.0.4",
      "resolved": "https://registry.npmjs.org/esprima/-/esprima-1.0.4.tgz",
      "integrity": "sha512-rp5dMKN8zEs9dfi9g0X1ClLmV//WRyk/R15mppFNICIFRG5P92VP7Z04p8pk++gABo9W2tY+kHyu6P1mEHgmTA==",
      "bin": {
        "esparse": "bin/esparse.js",
        "esvalidate": "bin/esvalidate.js"
      },
      "engines": {
        "node": ">=0.4.0"
      }
    },
    "node_modules/fsevents": {
      "version": "2.3.2",
      "resolved": "https://registry.npmmirror.com/fsevents/-/fsevents-2.3.2.tgz",
      "integrity": "sha512-xiqMQR4xAeHTuB9uWm+fFRcIOgKBMiOBP+eXiyT7jsgVCq1bkVygt00oASowB7EdtpOHaaPgKt812P9ab+DDKA==",
      "dev": true,
      "hasInstallScript": true,
      "license": "MIT",
      "optional": true,
      "os": [
        "darwin"
      ],
      "engines": {
        "node": "^8.16.0 || ^10.6.0 || >=11.0.0"
      }
    },
    "node_modules/js-yaml": {
      "version": "3.1.0",
      "resolved": "https://registry.npmjs.org/js-yaml/-/js-yaml-3.1.0.tgz",
      "integrity": "sha512-AgPExLjC+sVh3GLVZdoTprN9oKoF911GFq0CMs8XVXPyfOfelpH9+NKGAn0NKqt9g38/5nPHqBOD8ObqhoSQ6Q==",
      "license": "MIT",
      "dependencies": {
        "argparse": "~ 0.1.11",
        "esprima": "~ 1.0.2"
      },
      "bin": {
        "js-yaml": "bin/js-yaml.js"
      }
    },
    "node_modules/playwright": {
      "version": "1.59.1",
      "resolved": "https://registry.npmmirror.com/playwright/-/playwright-1.59.1.tgz",
      "integrity": "sha512-C8oWjPR3F81yljW9o5OxcWzfh6avkVwDD2VYdwIGqTkl+OGFISgypqzfu7dOe4QNLL2aqcWBmI3PMtLIK233lw==",
      "dev": true,
      "license": "Apache-2.0",
      "dependencies": {
        "playwright-core": "1.59.1"
      },
      "bin": {
        "playwright": "cli.js"
      },
      "engines": {
        "node": ">=18"
      },
      "optionalDependencies": {
        "fsevents": "2.3.2"
      }
    },
    "node_modules/playwright-core": {
      "version": "1.59.1",
      "resolved": "https://registry.npmmirror.com/playwright-core/-/playwright-core-1.59.1.tgz",
      "integrity": "sha512-HBV/RJg81z5BiiZ9yPzIiClYV/QMsDCKUyogwH9p3MCP6IYjUFu/MActgYAvK0oWyV9NlwM3GLBjADyWgydVyg==",
      "dev": true,
      "license": "Apache-2.0",
      "bin": {
        "playwright-core": "cli.js"
      },
      "engines": {
        "node": ">=18"
      }
    },
    "node_modules/sugar": {
      "version": "1.4.1",
      "resolved": "https://registry.npmjs.org/sugar/-/sugar-1.4.1.tgz",
      "integrity": "sha512-L7sMG1FTSoJT/1su2ZhvuUGmSP8hTma95qCx+Y593kEuZWobPlGsEE+H9Qpl/Na46CsFVXPUBUfW7kRfTE0a6Q==",
      "license": "MIT",
      "engines": {
        "node": ">= 0.4.0"
      }
    },
    "node_modules/underscore": {
      "version": "1.6.0",
      "resolved": "https://registry.npmjs.org/underscore/-/underscore-1.6.0.tgz",
      "integrity": "sha512-z4o1fvKUojIWh9XuaVLUDdf86RQiq13AC1dmHbTpoyuu+bquHms76v16CjycCbec87J7z0k//SiQVk0sMdFmpQ=="
    },
    "node_modules/underscore.string": {
      "version": "2.4.0",
      "resolved": "https://registry.npmjs.org/underscore.string/-/underscore.string-2.4.0.tgz",
      "integrity": "sha512-yxkabuCaIBnzfIvX3kBxQqCs0ar/bfJwDnFEHJUm/ZrRVhT3IItdRF5cZjARLzEnyQYtIUhsZ2LG2j3HidFOFQ==",
      "engines": {
        "node": "*"
      }
    },
    "node_modules/undici-types": {
      "version": "7.19.2",
      "resolved": "https://registry.npmmirror.com/undici-types/-/undici-types-7.19.2.tgz",
      "integrity": "sha512-qYVnV5OEm2AW8cJMCpdV20CDyaN3g0AjDlOGf1OW4iaDEx8MwdtChUp4zu4H0VP3nDRF/8RKWH+IPp9uW0YGZg==",
      "dev": true,
      "license": "MIT"
    }
  }
}
